
Microsoft Visual Studio Solution File, Format Version 12.00
# Visual Studio 2017
Project("{FAE04EC0-301F-11D3-BF4B-00C04F79EFBC}") = "Game2048_3D.Plugins", "Game2048_3D.Plugins.csproj", "{4BE442D5-D26D-B52E-3308-5301CD071163}"
EndProject
Project("{FAE04EC0-301F-11D3-BF4B-00C04F79EFBC}") = "Game2048_3D", "Game2048_3D.csproj", "{A2C6FED8-47DD-3560-6929-C58A9AA43451}"
EndProject
Project("{FAE04EC0-301F-11D3-BF4B-00C04F79EFBC}") = "Game2048_3D.Editor.Plugins", "Game2048_3D.Editor.Plugins.csproj", "{C40FB888-8785-A91F-9E00-FE4A1569B471}"
EndProject
Global
	GlobalSection(SolutionConfigurationPlatforms) = preSolution
		Debug|Any CPU = Debug|Any CPU
		Release|Any CPU = Release|Any CPU
	EndGlobalSection
	GlobalSection(ProjectConfigurationPlatforms) = postSolution
		{4BE442D5-D26D-B52E-3308-5301CD071163}.Debug|Any CPU.ActiveCfg = Debug|Any CPU
		{4BE442D5-D26D-B52E-3308-5301CD071163}.Debug|Any CPU.Build.0 = Debug|Any CPU
		{4BE442D5-D26D-B52E-3308-5301CD071163}.Release|Any CPU.ActiveCfg = Release|Any CPU
		{4BE442D5-D26D-B52E-3308-5301CD071163}.Release|Any CPU.Build.0 = Release|Any CPU
		{A2C6FED8-47DD-3560-6929-C58A9AA43451}.Debug|Any CPU.ActiveCfg = Debug|Any CPU
		{A2C6FED8-47DD-3560-6929-C58A9AA43451}.Debug|Any CPU.Build.0 = Debug|Any CPU
		{A2C6FED8-47DD-3560-6929-C58A9AA43451}.Release|Any CPU.ActiveCfg = Release|Any CPU
		{A2C6FED8-47DD-3560-6929-C58A9AA43451}.Release|Any CPU.Build.0 = Release|Any CPU
		{C40FB888-8785-A91F-9E00-FE4A1569B471}.Debug|Any CPU.ActiveCfg = Debug|Any CPU
		{C40FB888-8785-A91F-9E00-FE4A1569B471}.Debug|Any CPU.Build.0 = Debug|Any CPU
		{C40FB888-8785-A91F-9E00-FE4A1569B471}.Release|Any CPU.ActiveCfg = Release|Any CPU
		{C40FB888-8785-A91F-9E00-FE4A1569B471}.Release|Any CPU.Build.0 = Release|Any CPU
	EndGlobalSection
	GlobalSection(SolutionProperties) = preSolution
		HideSolutionNode = FALSE
	EndGlobalSection
EndGlobal
